
Microsoft Visual Studio Solution File, Format Version 11.00
# Visual Studio 2010
Project("{FAE04EC0-301F-11D3-BF4B-00C04F79EFBC}") = "Assembly-CSharp", "Assembly-CSharp.csproj", "{27A91E4C-D1FF-E07F-DE37-209A1DCD6155}"
EndProject
Project("{FAE04EC0-301F-11D3-BF4B-00C04F79EFBC}") = "Assembly-CSharp-Editor-firstpass", "Assembly-CSharp-Editor-firstpass.csproj", "{9B521B3A-DEAC-8F2E-6F16-9E3E01A8DC95}"
EndProject
Global
	GlobalSection(SolutionConfigurationPlatforms) = preSolution
		Debug|Any CPU = Debug|Any CPU
		Release|Any CPU = Release|Any CPU
	EndGlobalSection
	GlobalSection(ProjectConfigurationPlatforms) = postSolution
		{27A91E4C-D1FF-E07F-DE37-209A1DCD6155}.Debug|Any CPU.ActiveCfg = Debug|Any CPU
		{27A91E4C-D1FF-E07F-DE37-209A1DCD6155}.Debug|Any CPU.Build.0 = Debug|Any CPU
		{27A91E4C-D1FF-E07F-DE37-209A1DCD6155}.Release|Any CPU.ActiveCfg = Release|Any CPU
		{27A91E4C-D1FF-E07F-DE37-209A1DCD6155}.Release|Any CPU.Build.0 = Release|Any CPU
		{9B521B3A-DEAC-8F2E-6F16-9E3E01A8DC95}.Debug|Any CPU.ActiveCfg = Debug|Any CPU
		{9B521B3A-DEAC-8F2E-6F16-9E3E01A8DC95}.Debug|Any CPU.Build.0 = Debug|Any CPU
		{9B521B3A-DEAC-8F2E-6F16-9E3E01A8DC95}.Release|Any CPU.ActiveCfg = Release|Any CPU
		{9B521B3A-DEAC-8F2E-6F16-9E3E01A8DC95}.Release|Any CPU.Build.0 = Release|Any CPU
	EndGlobalSection
	GlobalSection(SolutionProperties) = preSolution
		HideSolutionNode = FALSE
	EndGlobalSection
	GlobalSection(MonoDevelopProperties) = preSolution
		StartupItem = Assembly-CSharp.csproj
	EndGlobalSection
EndGlobal
